
Microsoft Visual Studio Solution File, Format Version 12.00
# Visual Studio Version 16
VisualStudioVersion = 16.0.30225.117
MinimumVisualStudioVersion = 10.0.40219.1
Project("{FAE04EC0-301F-11D3-BF4B-00C04F79EFBC}") = "LinkedList", "LinkedList\LinkedList.csproj", "{B7DB9443-DF53-4992-9C9F-C56926D08BDF}"
EndProject
Global
	GlobalSection(SolutionConfigurationPlatforms) = preSolution
		Debug|Any CPU = Debug|Any CPU
		Release|Any CPU = Release|Any CPU
	EndGlobalSection
	GlobalSection(ProjectConfigurationPlatforms) = postSolution
		{B7DB9443-DF53-4992-9C9F-C56926D08BDF}.Debug|Any CPU.ActiveCfg = Debug|Any CPU
		{B7DB9443-DF53-4992-9C9F-C56926D08BDF}.Debug|Any CPU.Build.0 = Debug|Any CPU
		{B7DB9443-DF53-4992-9C9F-C56926D08BDF}.Release|Any CPU.ActiveCfg = Release|Any CPU
		{B7DB9443-DF53-4992-9C9F-C56926D08BDF}.Release|Any CPU.Build.0 = Release|Any CPU
	EndGlobalSection
	GlobalSection(SolutionProperties) = preSolution
		HideSolutionNode = FALSE
	EndGlobalSection
	GlobalSection(ExtensibilityGlobals) = postSolution
		SolutionGuid = {1F031CDF-62A7-4CEB-834C-AE68A312F738}
	EndGlobalSection
EndGlobal
