
Microsoft Visual Studio Solution File, Format Version 12.00
# Visual Studio Version 16
VisualStudioVersion = 16.0.30225.117
MinimumVisualStudioVersion = 10.0.40219.1
Project("{FAE04EC0-301F-11D3-BF4B-00C04F79EFBC}") = "DictionaryDemo", "DictionaryDemo\DictionaryDemo.csproj", "{D6C718BE-2068-4BEF-BBB5-7311351CFFF7}"
EndProject
Global
	GlobalSection(SolutionConfigurationPlatforms) = preSolution
		Debug|Any CPU = Debug|Any CPU
		Release|Any CPU = Release|Any CPU
	EndGlobalSection
	GlobalSection(ProjectConfigurationPlatforms) = postSolution
		{D6C718BE-2068-4BEF-BBB5-7311351CFFF7}.Debug|Any CPU.ActiveCfg = Debug|Any CPU
		{D6C718BE-2068-4BEF-BBB5-7311351CFFF7}.Debug|Any CPU.Build.0 = Debug|Any CPU
		{D6C718BE-2068-4BEF-BBB5-7311351CFFF7}.Release|Any CPU.ActiveCfg = Release|Any CPU
		{D6C718BE-2068-4BEF-BBB5-7311351CFFF7}.Release|Any CPU.Build.0 = Release|Any CPU
	EndGlobalSection
	GlobalSection(SolutionProperties) = preSolution
		HideSolutionNode = FALSE
	EndGlobalSection
	GlobalSection(ExtensibilityGlobals) = postSolution
		SolutionGuid = {33005D28-CD82-4E17-9779-B8603B798865}
	EndGlobalSection
EndGlobal
